
Microsoft Visual Studio Solution File, Format Version 12.00
# Visual Studio 2013
VisualStudioVersion = 12.0.21005.1
MinimumVisualStudioVersion = 10.0.40219.1
Project("{FAE04EC0-301F-11D3-BF4B-00C04F79EFBC}") = "FMDb", "FMDb.csproj", "{15D8C88C-580B-40B4-A6A2-DE2EDAB9B88A}"
EndProject
Global
	GlobalSection(SolutionConfigurationPlatforms) = preSolution
		Debug|Any CPU = Debug|Any CPU
		Release|Any CPU = Release|Any CPU
	EndGlobalSection
	GlobalSection(ProjectConfigurationPlatforms) = postSolution
		{15D8C88C-580B-40B4-A6A2-DE2EDAB9B88A}.Debug|Any CPU.ActiveCfg = Debug|Any CPU
		{15D8C88C-580B-40B4-A6A2-DE2EDAB9B88A}.Debug|Any CPU.Build.0 = Debug|Any CPU
		{15D8C88C-580B-40B4-A6A2-DE2EDAB9B88A}.Release|Any CPU.ActiveCfg = Release|Any CPU
		{15D8C88C-580B-40B4-A6A2-DE2EDAB9B88A}.Release|Any CPU.Build.0 = Release|Any CPU
	EndGlobalSection
	GlobalSection(SolutionProperties) = preSolution
		HideSolutionNode = FALSE
	EndGlobalSection
EndGlobal
